{
    "version": 3,
    "terraform_version": "0.11.11",
    "serial": 6,
    "lineage": "98878477-aade-410f-f0d7-04cc3ec3cc9b",
    "modules": [
        {
            "path": [
                "root"
            ],
            "outputs": {
                "instance": {
                    "sensitive": false,
                    "type": "string",
                    "value": "13.232.203.204"
                }
            },
            "resources": {
                "aws_instance.jenkins": {
                    "type": "aws_instance",
                    "depends_on": [
                        "aws_key_pair.mykeypair",
                        "aws_security_group.instance-sg",
                        "aws_subnet.main-public-1"
                    ],
                    "primary": {
                        "id": "i-09f09b413b3b95ed0",
                        "attributes": {
                            "ami": "ami-0ad42f4f66f6c1cc9",
                            "arn": "arn:aws:ec2:ap-south-1:472773299180:instance/i-09f09b413b3b95ed0",
                            "associate_public_ip_address": "true",
                            "availability_zone": "ap-south-1a",
                            "cpu_core_count": "1",
                            "cpu_threads_per_core": "1",
                            "credit_specification.#": "1",
                            "credit_specification.0.cpu_credits": "standard",
                            "disable_api_termination": "false",
                            "ebs_block_device.#": "0",
                            "ebs_optimized": "false",
                            "ephemeral_block_device.#": "0",
                            "get_password_data": "false",
                            "iam_instance_profile": "",
                            "id": "i-09f09b413b3b95ed0",
                            "instance_state": "running",
                            "instance_type": "t2.micro",
                            "ipv6_addresses.#": "0",
                            "key_name": "mykeypair",
                            "monitoring": "false",
                            "network_interface.#": "0",
                            "network_interface_id": "eni-0788229d563107028",
                            "password_data": "",
                            "placement_group": "",
                            "primary_network_interface_id": "eni-0788229d563107028",
                            "private_dns": "ip-10-0-1-37.ap-south-1.compute.internal",
                            "private_ip": "10.0.1.37",
                            "public_dns": "ec2-13-232-203-204.ap-south-1.compute.amazonaws.com",
                            "public_ip": "13.232.203.204",
                            "root_block_device.#": "1",
                            "root_block_device.0.delete_on_termination": "true",
                            "root_block_device.0.iops": "100",
                            "root_block_device.0.volume_id": "vol-04ce00afb4bc75502",
                            "root_block_device.0.volume_size": "8",
                            "root_block_device.0.volume_type": "gp2",
                            "security_groups.#": "0",
                            "source_dest_check": "true",
                            "subnet_id": "subnet-082f52b0d4e47fc10",
                            "tags.%": "1",
                            "tags.Name": "sephora-ci-cd",
                            "tenancy": "default",
                            "volume_tags.%": "0",
                            "vpc_security_group_ids.#": "1",
                            "vpc_security_group_ids.2976695503": "sg-026999d7beaca59ff"
                        },
                        "meta": {
                            "e2bfb730-ecaa-11e6-8f88-34363bc7c4c0": {
                                "create": 600000000000,
                                "delete": 1200000000000,
                                "update": 600000000000
                            },
                            "schema_version": "1"
                        },
                        "tainted": false
                    },
                    "deposed": [],
                    "provider": "provider.aws"
                },
                "aws_internet_gateway.main-gw": {
                    "type": "aws_internet_gateway",
                    "depends_on": [
                        "aws_vpc.main"
                    ],
                    "primary": {
                        "id": "igw-0195f855dfbbd4de9",
                        "attributes": {
                            "id": "igw-0195f855dfbbd4de9",
                            "owner_id": "472773299180",
                            "tags.%": "1",
                            "tags.Name": "main-IGW",
                            "vpc_id": "vpc-06578cc2c5ed2d8ca"
                        },
                        "meta": {},
                        "tainted": false
                    },
                    "deposed": [],
                    "provider": "provider.aws"
                },
                "aws_key_pair.mykeypair": {
                    "type": "aws_key_pair",
                    "depends_on": [],
                    "primary": {
                        "id": "mykeypair",
                        "attributes": {
                            "fingerprint": "9e:3d:fd:ce:5e:b7:f1:a5:97:d4:44:db:61:af:40:78",
                            "id": "mykeypair",
                            "key_name": "mykeypair",
                            "public_key": "ssh-rsa AAAAB3NzaC1yc2EAAAADAQABAAABAQDPRiqSQHBg9QYYo7au4dsSZQOQNk1izEA3YuxPP5a3kNUMo/6Yv+XN9WZJbg+fkXi2Kxt7EvBbu8mpfS0vU/ulUT+HmvcdPEl4X/eLbt4BB/Da6dRY7GMOyWv/0zCHtPTNUvHVhzXypxqyy3TSPqzYbJqMMuX+yGGEhlgjm40yIp4maMQOzugWZnTL2l9GjqbMhwKz3JbQeBLxrLqcNHM/eIOqiXy/uX02VYg0rUmgCXcvFPsW21ZxoBA4LfZ7bZ0c01Tlrb5rytwTJUcK0tdXNtOYo95+Y4RSPgwfq/uooPUkY7z374MCvnYrvzkxU5XtdnEPL6I19f66QCZhnq4t neha@neha-devops"
                        },
                        "meta": {
                            "schema_version": "1"
                        },
                        "tainted": false
                    },
                    "deposed": [],
                    "provider": "provider.aws"
                },
                "aws_route_table.main-public": {
                    "type": "aws_route_table",
                    "depends_on": [
                        "aws_internet_gateway.main-gw",
                        "aws_vpc.main"
                    ],
                    "primary": {
                        "id": "rtb-0bef0ad09a052b246",
                        "attributes": {
                            "id": "rtb-0bef0ad09a052b246",
                            "owner_id": "472773299180",
                            "propagating_vgws.#": "0",
                            "route.#": "1",
                            "route.3474290072.cidr_block": "0.0.0.0/0",
                            "route.3474290072.egress_only_gateway_id": "",
                            "route.3474290072.gateway_id": "igw-0195f855dfbbd4de9",
                            "route.3474290072.instance_id": "",
                            "route.3474290072.ipv6_cidr_block": "",
                            "route.3474290072.nat_gateway_id": "",
                            "route.3474290072.network_interface_id": "",
                            "route.3474290072.transit_gateway_id": "",
                            "route.3474290072.vpc_peering_connection_id": "",
                            "tags.%": "1",
                            "tags.Name": "main-public-1",
                            "vpc_id": "vpc-06578cc2c5ed2d8ca"
                        },
                        "meta": {},
                        "tainted": false
                    },
                    "deposed": [],
                    "provider": "provider.aws"
                },
                "aws_route_table_association.main-public-1-a": {
                    "type": "aws_route_table_association",
                    "depends_on": [
                        "aws_route_table.main-public",
                        "aws_subnet.main-public-1"
                    ],
                    "primary": {
                        "id": "rtbassoc-05cf009a3dabc3e92",
                        "attributes": {
                            "id": "rtbassoc-05cf009a3dabc3e92",
                            "route_table_id": "rtb-0bef0ad09a052b246",
                            "subnet_id": "subnet-082f52b0d4e47fc10"
                        },
                        "meta": {},
                        "tainted": false
                    },
                    "deposed": [],
                    "provider": "provider.aws"
                },
                "aws_security_group.instance-sg": {
                    "type": "aws_security_group",
                    "depends_on": [
                        "aws_vpc.main"
                    ],
                    "primary": {
                        "id": "sg-026999d7beaca59ff",
                        "attributes": {
                            "arn": "arn:aws:ec2:ap-south-1:472773299180:security-group/sg-026999d7beaca59ff",
                            "description": "security group for instances",
                            "egress.#": "1",
                            "egress.482069346.cidr_blocks.#": "1",
                            "egress.482069346.cidr_blocks.0": "0.0.0.0/0",
                            "egress.482069346.description": "",
                            "egress.482069346.from_port": "0",
                            "egress.482069346.ipv6_cidr_blocks.#": "0",
                            "egress.482069346.prefix_list_ids.#": "0",
                            "egress.482069346.protocol": "-1",
                            "egress.482069346.security_groups.#": "0",
                            "egress.482069346.self": "false",
                            "egress.482069346.to_port": "0",
                            "id": "sg-026999d7beaca59ff",
                            "ingress.#": "2",
                            "ingress.2541437006.cidr_blocks.#": "1",
                            "ingress.2541437006.cidr_blocks.0": "0.0.0.0/0",
                            "ingress.2541437006.description": "",
                            "ingress.2541437006.from_port": "22",
                            "ingress.2541437006.ipv6_cidr_blocks.#": "0",
                            "ingress.2541437006.prefix_list_ids.#": "0",
                            "ingress.2541437006.protocol": "tcp",
                            "ingress.2541437006.security_groups.#": "0",
                            "ingress.2541437006.self": "false",
                            "ingress.2541437006.to_port": "22",
                            "ingress.516175195.cidr_blocks.#": "1",
                            "ingress.516175195.cidr_blocks.0": "0.0.0.0/0",
                            "ingress.516175195.description": "",
                            "ingress.516175195.from_port": "8080",
                            "ingress.516175195.ipv6_cidr_blocks.#": "0",
                            "ingress.516175195.prefix_list_ids.#": "0",
                            "ingress.516175195.protocol": "tcp",
                            "ingress.516175195.security_groups.#": "0",
                            "ingress.516175195.self": "false",
                            "ingress.516175195.to_port": "8080",
                            "name": "instance-sg",
                            "owner_id": "472773299180",
                            "revoke_rules_on_delete": "false",
                            "tags.%": "1",
                            "tags.Name": "instance-sg",
                            "vpc_id": "vpc-06578cc2c5ed2d8ca"
                        },
                        "meta": {
                            "e2bfb730-ecaa-11e6-8f88-34363bc7c4c0": {
                                "create": 600000000000,
                                "delete": 600000000000
                            },
                            "schema_version": "1"
                        },
                        "tainted": false
                    },
                    "deposed": [],
                    "provider": "provider.aws"
                },
                "aws_subnet.main-private-1": {
                    "type": "aws_subnet",
                    "depends_on": [
                        "aws_vpc.main"
                    ],
                    "primary": {
                        "id": "subnet-01f78aad7f56d83c7",
                        "attributes": {
                            "arn": "arn:aws:ec2:ap-south-1:472773299180:subnet/subnet-01f78aad7f56d83c7",
                            "assign_ipv6_address_on_creation": "false",
                            "availability_zone": "ap-south-1a",
                            "availability_zone_id": "aps1-az1",
                            "cidr_block": "10.0.2.0/24",
                            "id": "subnet-01f78aad7f56d83c7",
                            "ipv6_cidr_block": "",
                            "ipv6_cidr_block_association_id": "",
                            "map_public_ip_on_launch": "false",
                            "owner_id": "472773299180",
                            "tags.%": "1",
                            "tags.Name": "main-private-1",
                            "vpc_id": "vpc-06578cc2c5ed2d8ca"
                        },
                        "meta": {
                            "e2bfb730-ecaa-11e6-8f88-34363bc7c4c0": {
                                "create": 600000000000,
                                "delete": 600000000000
                            },
                            "schema_version": "1"
                        },
                        "tainted": false
                    },
                    "deposed": [],
                    "provider": "provider.aws"
                },
                "aws_subnet.main-private-2": {
                    "type": "aws_subnet",
                    "depends_on": [
                        "aws_vpc.main"
                    ],
                    "primary": {
                        "id": "subnet-06930f3b822c13a83",
                        "attributes": {
                            "arn": "arn:aws:ec2:ap-south-1:472773299180:subnet/subnet-06930f3b822c13a83",
                            "assign_ipv6_address_on_creation": "false",
                            "availability_zone": "ap-south-1b",
                            "availability_zone_id": "aps1-az3",
                            "cidr_block": "10.0.3.0/24",
                            "id": "subnet-06930f3b822c13a83",
                            "ipv6_cidr_block": "",
                            "ipv6_cidr_block_association_id": "",
                            "map_public_ip_on_launch": "false",
                            "owner_id": "472773299180",
                            "tags.%": "1",
                            "tags.Name": "main-private-2",
                            "vpc_id": "vpc-06578cc2c5ed2d8ca"
                        },
                        "meta": {
                            "e2bfb730-ecaa-11e6-8f88-34363bc7c4c0": {
                                "create": 600000000000,
                                "delete": 600000000000
                            },
                            "schema_version": "1"
                        },
                        "tainted": false
                    },
                    "deposed": [],
                    "provider": "provider.aws"
                },
                "aws_subnet.main-public-1": {
                    "type": "aws_subnet",
                    "depends_on": [
                        "aws_vpc.main"
                    ],
                    "primary": {
                        "id": "subnet-082f52b0d4e47fc10",
                        "attributes": {
                            "arn": "arn:aws:ec2:ap-south-1:472773299180:subnet/subnet-082f52b0d4e47fc10",
                            "assign_ipv6_address_on_creation": "false",
                            "availability_zone": "ap-south-1a",
                            "availability_zone_id": "aps1-az1",
                            "cidr_block": "10.0.1.0/24",
                            "id": "subnet-082f52b0d4e47fc10",
                            "ipv6_cidr_block": "",
                            "ipv6_cidr_block_association_id": "",
                            "map_public_ip_on_launch": "true",
                            "owner_id": "472773299180",
                            "tags.%": "1",
                            "tags.Name": "main-public-1",
                            "vpc_id": "vpc-06578cc2c5ed2d8ca"
                        },
                        "meta": {
                            "e2bfb730-ecaa-11e6-8f88-34363bc7c4c0": {
                                "create": 600000000000,
                                "delete": 600000000000
                            },
                            "schema_version": "1"
                        },
                        "tainted": false
                    },
                    "deposed": [],
                    "provider": "provider.aws"
                },
                "aws_vpc.main": {
                    "type": "aws_vpc",
                    "depends_on": [],
                    "primary": {
                        "id": "vpc-06578cc2c5ed2d8ca",
                        "attributes": {
                            "arn": "arn:aws:ec2:ap-south-1:472773299180:vpc/vpc-06578cc2c5ed2d8ca",
                            "assign_generated_ipv6_cidr_block": "false",
                            "cidr_block": "10.0.0.0/16",
                            "default_network_acl_id": "acl-0f8f077ae8fbe15b8",
                            "default_route_table_id": "rtb-0d5fc25b81b5a0752",
                            "default_security_group_id": "sg-0ee1cdf41020d09fd",
                            "dhcp_options_id": "dopt-74368a1c",
                            "enable_classiclink": "false",
                            "enable_dns_hostnames": "true",
                            "enable_dns_support": "true",
                            "id": "vpc-06578cc2c5ed2d8ca",
                            "instance_tenancy": "default",
                            "ipv6_association_id": "",
                            "ipv6_cidr_block": "",
                            "main_route_table_id": "rtb-0d5fc25b81b5a0752",
                            "owner_id": "472773299180",
                            "tags.%": "1",
                            "tags.Name": "main"
                        },
                        "meta": {
                            "schema_version": "1"
                        },
                        "tainted": false
                    },
                    "deposed": [],
                    "provider": "provider.aws"
                }
            },
            "depends_on": []
        }
    ]
}
